
Microsoft Visual Studio Solution File, Format Version 12.00
# Visual Studio Version 16
VisualStudioVersion = 16.0.31624.102
MinimumVisualStudioVersion = 10.0.40219.1
Project("{FAE04EC0-301F-11D3-BF4B-00C04F79EFBC}") = "AverageGrades.console", "..\AverageGrades\AverageGrades.console\AverageGrades.console.csproj", "{DB525286-C5CE-469A-9D9B-1232A3B3E078}"
EndProject
Project("{FAE04EC0-301F-11D3-BF4B-00C04F79EFBC}") = "Ejercicio.PurchasingManager", "..\AverageGrades\Ejercicio.PurchasingManager\Ejercicio.PurchasingManager.csproj", "{687A2D69-AC4D-4065-8351-35A90BF3B676}"
EndProject
Global
	GlobalSection(SolutionConfigurationPlatforms) = preSolution
		Debug|Any CPU = Debug|Any CPU
		Release|Any CPU = Release|Any CPU
	EndGlobalSection
	GlobalSection(ProjectConfigurationPlatforms) = postSolution
		{DB525286-C5CE-469A-9D9B-1232A3B3E078}.Debug|Any CPU.ActiveCfg = Debug|Any CPU
		{DB525286-C5CE-469A-9D9B-1232A3B3E078}.Debug|Any CPU.Build.0 = Debug|Any CPU
		{DB525286-C5CE-469A-9D9B-1232A3B3E078}.Release|Any CPU.ActiveCfg = Release|Any CPU
		{DB525286-C5CE-469A-9D9B-1232A3B3E078}.Release|Any CPU.Build.0 = Release|Any CPU
		{687A2D69-AC4D-4065-8351-35A90BF3B676}.Debug|Any CPU.ActiveCfg = Debug|Any CPU
		{687A2D69-AC4D-4065-8351-35A90BF3B676}.Debug|Any CPU.Build.0 = Debug|Any CPU
		{687A2D69-AC4D-4065-8351-35A90BF3B676}.Release|Any CPU.ActiveCfg = Release|Any CPU
		{687A2D69-AC4D-4065-8351-35A90BF3B676}.Release|Any CPU.Build.0 = Release|Any CPU
	EndGlobalSection
	GlobalSection(SolutionProperties) = preSolution
		HideSolutionNode = FALSE
	EndGlobalSection
	GlobalSection(ExtensibilityGlobals) = postSolution
		SolutionGuid = {B580BB30-D89B-471A-B44B-C7979770F6F2}
	EndGlobalSection
EndGlobal
